
Microsoft Visual Studio Solution File, Format Version 12.00
# Visual Studio Version 17
VisualStudioVersion = 17.1.32203.90
MinimumVisualStudioVersion = 10.0.40219.1
Project("{FAE04EC0-301F-11D3-BF4B-00C04F79EFBC}") = "ConsoleApp9", "ConsoleApp9\ConsoleApp9.csproj", "{A5895A37-3E4F-423A-AE35-AF2F0883D815}"
EndProject
Global
	GlobalSection(SolutionConfigurationPlatforms) = preSolution
		Debug|Any CPU = Debug|Any CPU
		Release|Any CPU = Release|Any CPU
	EndGlobalSection
	GlobalSection(ProjectConfigurationPlatforms) = postSolution
		{A5895A37-3E4F-423A-AE35-AF2F0883D815}.Debug|Any CPU.ActiveCfg = Debug|Any CPU
		{A5895A37-3E4F-423A-AE35-AF2F0883D815}.Debug|Any CPU.Build.0 = Debug|Any CPU
		{A5895A37-3E4F-423A-AE35-AF2F0883D815}.Release|Any CPU.ActiveCfg = Release|Any CPU
		{A5895A37-3E4F-423A-AE35-AF2F0883D815}.Release|Any CPU.Build.0 = Release|Any CPU
	EndGlobalSection
	GlobalSection(SolutionProperties) = preSolution
		HideSolutionNode = FALSE
	EndGlobalSection
	GlobalSection(ExtensibilityGlobals) = postSolution
		SolutionGuid = {09204C82-EA0A-4AA7-B0A8-0672EFB8ED1C}
	EndGlobalSection
EndGlobal
